
Microsoft Visual Studio Solution File, Format Version 12.00
# Visual Studio Version 16
VisualStudioVersion = 16.0.30128.74
MinimumVisualStudioVersion = 10.0.40219.1
Project("{9A19103F-16F7-4668-BE54-9A1E7A4F7556}") = "StockInfo", "StockInfo\StockInfo.csproj", "{55393FBF-786A-4681-9BAB-AAD4F5866482}"
EndProject
Global
	GlobalSection(SolutionConfigurationPlatforms) = preSolution
		Debug|Any CPU = Debug|Any CPU
		Release|Any CPU = Release|Any CPU
	EndGlobalSection
	GlobalSection(ProjectConfigurationPlatforms) = postSolution
		{55393FBF-786A-4681-9BAB-AAD4F5866482}.Debug|Any CPU.ActiveCfg = Debug|Any CPU
		{55393FBF-786A-4681-9BAB-AAD4F5866482}.Debug|Any CPU.Build.0 = Debug|Any CPU
		{55393FBF-786A-4681-9BAB-AAD4F5866482}.Release|Any CPU.ActiveCfg = Release|Any CPU
		{55393FBF-786A-4681-9BAB-AAD4F5866482}.Release|Any CPU.Build.0 = Release|Any CPU
	EndGlobalSection
	GlobalSection(SolutionProperties) = preSolution
		HideSolutionNode = FALSE
	EndGlobalSection
	GlobalSection(ExtensibilityGlobals) = postSolution
		SolutionGuid = {6B66E476-4742-4304-B761-83FB1593E40E}
	EndGlobalSection
EndGlobal
